// !$*UTF8*$!
{
	archiveVersion = 1;
	classes = {
	};
	objectVersion = 56;
	objects = {

/* Begin PBXBuildFile section */
		C0B845722B3F4A880037BEC2 /* swoleMateApp.swift in Sources */ = {isa = PBXBuildFile; fileRef = C0B845712B3F4A880037BEC2 /* swoleMateApp.swift */; };
		C0B845742B3F4A880037BEC2 /* ContentView.swift in Sources */ = {isa = PBXBuildFile; fileRef = C0B845732B3F4A880037BEC2 /* ContentView.swift */; };
		C0B845762B3F4A8A0037BEC2 /* Assets.xcassets in Resources */ = {isa = PBXBuildFile; fileRef = C0B845752B3F4A8A0037BEC2 /* Assets.xcassets */; };
		C0B845792B3F4A8A0037BEC2 /* Preview Assets.xcassets in Resources */ = {isa = PBXBuildFile; fileRef = C0B845782B3F4A8A0037BEC2 /* Preview Assets.xcassets */; };
		C0B845832B3F4A8A0037BEC2 /* swoleMateTests.swift in Sources */ = {isa = PBXBuildFile; fileRef = C0B845822B3F4A8A0037BEC2 /* swoleMateTests.swift */; };
		C0B8458D2B3F4A8A0037BEC2 /* swoleMateUITests.swift in Sources */ = {isa = PBXBuildFile; fileRef = C0B8458C2B3F4A8A0037BEC2 /* swoleMateUITests.swift */; };
		C0B8458F2B3F4A8A0037BEC2 /* swoleMateUITestsLaunchTests.swift in Sources */ = {isa = PBXBuildFile; fileRef = C0B8458E2B3F4A8A0037BEC2 /* swoleMateUITestsLaunchTests.swift */; };
		C0B8459F2B3F4BF80037BEC2 /* Exercise.swift in Sources */ = {isa = PBXBuildFile; fileRef = C0B8459E2B3F4BF80037BEC2 /* Exercise.swift */; };
		C0B845A12B3F4CBE0037BEC2 /* ExerciseList.swift in Sources */ = {isa = PBXBuildFile; fileRef = C0B845A02B3F4CBE0037BEC2 /* ExerciseList.swift */; };
		C0B845A32B3F4DE40037BEC2 /* AddExercise.swift in Sources */ = {isa = PBXBuildFile; fileRef = C0B845A22B3F4DE40037BEC2 /* AddExercise.swift */; };
		C0B845A52B3F4EB50037BEC2 /* ExerciseVM.swift in Sources */ = {isa = PBXBuildFile; fileRef = C0B845A42B3F4EB50037BEC2 /* ExerciseVM.swift */; };
		C0B845A72B3F69730037BEC2 /* Record.swift in Sources */ = {isa = PBXBuildFile; fileRef = C0B845A62B3F69730037BEC2 /* Record.swift */; };
		C0B845A92B3F6A450037BEC2 /* RecordVM.swift in Sources */ = {isa = PBXBuildFile; fileRef = C0B845A82B3F6A450037BEC2 /* RecordVM.swift */; };
		C0B845AB2B3F6D7D0037BEC2 /* AddRecord.swift in Sources */ = {isa = PBXBuildFile; fileRef = C0B845AA2B3F6D7D0037BEC2 /* AddRecord.swift */; };
		C0B845AD2B3F7ACF0037BEC2 /* ExerciseDetail.swift in Sources */ = {isa = PBXBuildFile; fileRef = C0B845AC2B3F7ACF0037BEC2 /* ExerciseDetail.swift */; };
		C0B845AF2B3F7B640037BEC2 /* ExerciseListRow.swift in Sources */ = {isa = PBXBuildFile; fileRef = C0B845AE2B3F7B640037BEC2 /* ExerciseListRow.swift */; };
/* End PBXBuildFile section */

/* Begin PBXContainerItemProxy section */
		C0B8457F2B3F4A8A0037BEC2 /* PBXContainerItemProxy */ = {
			isa = PBXContainerItemProxy;
			containerPortal = C0B845662B3F4A880037BEC2 /* Project object */;
			proxyType = 1;
			remoteGlobalIDString = C0B8456D2B3F4A880037BEC2;
			remoteInfo = swoleMate;
		};
		C0B845892B3F4A8A0037BEC2 /* PBXContainerItemProxy */ = {
			isa = PBXContainerItemProxy;
			containerPortal = C0B845662B3F4A880037BEC2 /* Project object */;
			proxyType = 1;
			remoteGlobalIDString = C0B8456D2B3F4A880037BEC2;
			remoteInfo = swoleMate;
		};
/* End PBXContainerItemProxy section */

/* Begin PBXFileReference section */
		C0B8456E2B3F4A880037BEC2 /* swoleMate.app */ = {isa = PBXFileReference; explicitFileType = wrapper.application; includeInIndex = 0; path = swoleMate.app; sourceTree = BUILT_PRODUCTS_DIR; };
		C0B845712B3F4A880037BEC2 /* swoleMateApp.swift */ = {isa = PBXFileReference; lastKnownFileType = sourcecode.swift; path = swoleMateApp.swift; sourceTree = "<group>"; };
		C0B845732B3F4A880037BEC2 /* ContentView.swift */ = {isa = PBXFileReference; lastKnownFileType = sourcecode.swift; path = ContentView.swift; sourceTree = "<group>"; };
		C0B845752B3F4A8A0037BEC2 /* Assets.xcassets */ = {isa = PBXFileReference; lastKnownFileType = folder.assetcatalog; path = Assets.xcassets; sourceTree = "<group>"; };
		C0B845782B3F4A8A0037BEC2 /* Preview Assets.xcassets */ = {isa = PBXFileReference; lastKnownFileType = folder.assetcatalog; path = "Preview Assets.xcassets"; sourceTree = "<group>"; };
		C0B8457E2B3F4A8A0037BEC2 /* swoleMateTests.xctest */ = {isa = PBXFileReference; explicitFileType = wrapper.cfbundle; includeInIndex = 0; path = swoleMateTests.xctest; sourceTree = BUILT_PRODUCTS_DIR; };
		C0B845822B3F4A8A0037BEC2 /* swoleMateTests.swift */ = {isa = PBXFileReference; lastKnownFileType = sourcecode.swift; path = swoleMateTests.swift; sourceTree = "<group>"; };
		C0B845882B3F4A8A0037BEC2 /* swoleMateUITests.xctest */ = {isa = PBXFileReference; explicitFileType = wrapper.cfbundle; includeInIndex = 0; path = swoleMateUITests.xctest; sourceTree = BUILT_PRODUCTS_DIR; };
		C0B8458C2B3F4A8A0037BEC2 /* swoleMateUITests.swift */ = {isa = PBXFileReference; lastKnownFileType = sourcecode.swift; path = swoleMateUITests.swift; sourceTree = "<group>"; };
		C0B8458E2B3F4A8A0037BEC2 /* swoleMateUITestsLaunchTests.swift */ = {isa = PBXFileReference; lastKnownFileType = sourcecode.swift; path = swoleMateUITestsLaunchTests.swift; sourceTree = "<group>"; };
		C0B8459E2B3F4BF80037BEC2 /* Exercise.swift */ = {isa = PBXFileReference; lastKnownFileType = sourcecode.swift; path = Exercise.swift; sourceTree = "<group>"; };
		C0B845A02B3F4CBE0037BEC2 /* ExerciseList.swift */ = {isa = PBXFileReference; lastKnownFileType = sourcecode.swift; path = ExerciseList.swift; sourceTree = "<group>"; };
		C0B845A22B3F4DE40037BEC2 /* AddExercise.swift */ = {isa = PBXFileReference; lastKnownFileType = sourcecode.swift; path = AddExercise.swift; sourceTree = "<group>"; };
		C0B845A42B3F4EB50037BEC2 /* ExerciseVM.swift */ = {isa = PBXFileReference; lastKnownFileType = sourcecode.swift; path = ExerciseVM.swift; sourceTree = "<group>"; };
		C0B845A62B3F69730037BEC2 /* Record.swift */ = {isa = PBXFileReference; lastKnownFileType = sourcecode.swift; path = Record.swift; sourceTree = "<group>"; };
		C0B845A82B3F6A450037BEC2 /* RecordVM.swift */ = {isa = PBXFileReference; lastKnownFileType = sourcecode.swift; path = RecordVM.swift; sourceTree = "<group>"; };
		C0B845AA2B3F6D7D0037BEC2 /* AddRecord.swift */ = {isa = PBXFileReference; lastKnownFileType = sourcecode.swift; path = AddRecord.swift; sourceTree = "<group>"; };
		C0B845AC2B3F7ACF0037BEC2 /* ExerciseDetail.swift */ = {isa = PBXFileReference; lastKnownFileType = sourcecode.swift; path = ExerciseDetail.swift; sourceTree = "<group>"; };
		C0B845AE2B3F7B640037BEC2 /* ExerciseListRow.swift */ = {isa = PBXFileReference; lastKnownFileType = sourcecode.swift; path = ExerciseListRow.swift; sourceTree = "<group>"; };
/* End PBXFileReference section */

/* Begin PBXFrameworksBuildPhase section */
		C0B8456B2B3F4A880037BEC2 /* Frameworks */ = {
			isa = PBXFrameworksBuildPhase;
			buildActionMask = 2147483647;
			files = (
			);
			runOnlyForDeploymentPostprocessing = 0;
		};
		C0B8457B2B3F4A8A0037BEC2 /* Frameworks */ = {
			isa = PBXFrameworksBuildPhase;
			buildActionMask = 2147483647;
			files = (
			);
			runOnlyForDeploymentPostprocessing = 0;
		};
		C0B845852B3F4A8A0037BEC2 /* Frameworks */ = {
			isa = PBXFrameworksBuildPhase;
			buildActionMask = 2147483647;
			files = (
			);
			runOnlyForDeploymentPostprocessing = 0;
		};
/* End PBXFrameworksBuildPhase section */

/* Begin PBXGroup section */
		C0B845652B3F4A880037BEC2 = {
			isa = PBXGroup;
			children = (
				C0B845702B3F4A880037BEC2 /* swoleMate */,
				C0B845812B3F4A8A0037BEC2 /* swoleMateTests */,
				C0B8458B2B3F4A8A0037BEC2 /* swoleMateUITests */,
				C0B8456F2B3F4A880037BEC2 /* Products */,
			);
			sourceTree = "<group>";
		};
		C0B8456F2B3F4A880037BEC2 /* Products */ = {
			isa = PBXGroup;
			children = (
				C0B8456E2B3F4A880037BEC2 /* swoleMate.app */,
				C0B8457E2B3F4A8A0037BEC2 /* swoleMateTests.xctest */,
				C0B845882B3F4A8A0037BEC2 /* swoleMateUITests.xctest */,
			);
			name = Products;
			sourceTree = "<group>";
		};
		C0B845702B3F4A880037BEC2 /* swoleMate */ = {
			isa = PBXGroup;
			children = (
				C0B8459D2B3F4BCE0037BEC2 /* ViewModels */,
				C0B8459C2B3F4BC00037BEC2 /* Models */,
				C0B8459B2B3F4BB60037BEC2 /* Views */,
				C0B845712B3F4A880037BEC2 /* swoleMateApp.swift */,
				C0B845732B3F4A880037BEC2 /* ContentView.swift */,
				C0B845752B3F4A8A0037BEC2 /* Assets.xcassets */,
				C0B845772B3F4A8A0037BEC2 /* Preview Content */,
			);
			path = swoleMate;
			sourceTree = "<group>";
		};
		C0B845772B3F4A8A0037BEC2 /* Preview Content */ = {
			isa = PBXGroup;
			children = (
				C0B845782B3F4A8A0037BEC2 /* Preview Assets.xcassets */,
			);
			path = "Preview Content";
			sourceTree = "<group>";
		};
		C0B845812B3F4A8A0037BEC2 /* swoleMateTests */ = {
			isa = PBXGroup;
			children = (
				C0B845822B3F4A8A0037BEC2 /* swoleMateTests.swift */,
			);
			path = swoleMateTests;
			sourceTree = "<group>";
		};
		C0B8458B2B3F4A8A0037BEC2 /* swoleMateUITests */ = {
			isa = PBXGroup;
			children = (
				C0B8458C2B3F4A8A0037BEC2 /* swoleMateUITests.swift */,
				C0B8458E2B3F4A8A0037BEC2 /* swoleMateUITestsLaunchTests.swift */,
			);
			path = swoleMateUITests;
			sourceTree = "<group>";
		};
		C0B8459B2B3F4BB60037BEC2 /* Views */ = {
			isa = PBXGroup;
			children = (
				C0B845A02B3F4CBE0037BEC2 /* ExerciseList.swift */,
				C0B845A22B3F4DE40037BEC2 /* AddExercise.swift */,
				C0B845AA2B3F6D7D0037BEC2 /* AddRecord.swift */,
				C0B845AC2B3F7ACF0037BEC2 /* ExerciseDetail.swift */,
				C0B845AE2B3F7B640037BEC2 /* ExerciseListRow.swift */,
			);
			path = Views;
			sourceTree = "<group>";
		};
		C0B8459C2B3F4BC00037BEC2 /* Models */ = {
			isa = PBXGroup;
			children = (
				C0B8459E2B3F4BF80037BEC2 /* Exercise.swift */,
				C0B845A62B3F69730037BEC2 /* Record.swift */,
			);
			path = Models;
			sourceTree = "<group>";
		};
		C0B8459D2B3F4BCE0037BEC2 /* ViewModels */ = {
			isa = PBXGroup;
			children = (
				C0B845A42B3F4EB50037BEC2 /* ExerciseVM.swift */,
				C0B845A82B3F6A450037BEC2 /* RecordVM.swift */,
			);
			path = ViewModels;
			sourceTree = "<group>";
		};
/* End PBXGroup section */

/* Begin PBXNativeTarget section */
		C0B8456D2B3F4A880037BEC2 /* swoleMate */ = {
			isa = PBXNativeTarget;
			buildConfigurationList = C0B845922B3F4A8A0037BEC2 /* Build configuration list for PBXNativeTarget "swoleMate" */;
			buildPhases = (
				C0B8456A2B3F4A880037BEC2 /* Sources */,
				C0B8456B2B3F4A880037BEC2 /* Frameworks */,
				C0B8456C2B3F4A880037BEC2 /* Resources */,
			);
			buildRules = (
			);
			dependencies = (
			);
			name = swoleMate;
			productName = swoleMate;
			productReference = C0B8456E2B3F4A880037BEC2 /* swoleMate.app */;
			productType = "com.apple.product-type.application";
		};
		C0B8457D2B3F4A8A0037BEC2 /* swoleMateTests */ = {
			isa = PBXNativeTarget;
			buildConfigurationList = C0B845952B3F4A8A0037BEC2 /* Build configuration list for PBXNativeTarget "swoleMateTests" */;
			buildPhases = (
				C0B8457A2B3F4A8A0037BEC2 /* Sources */,
				C0B8457B2B3F4A8A0037BEC2 /* Frameworks */,
				C0B8457C2B3F4A8A0037BEC2 /* Resources */,
			);
			buildRules = (
			);
			dependencies = (
				C0B845802B3F4A8A0037BEC2 /* PBXTargetDependency */,
			);
			name = swoleMateTests;
			productName = swoleMateTests;
			productReference = C0B8457E2B3F4A8A0037BEC2 /* swoleMateTests.xctest */;
			productType = "com.apple.product-type.bundle.unit-test";
		};
		C0B845872B3F4A8A0037BEC2 /* swoleMateUITests */ = {
			isa = PBXNativeTarget;
			buildConfigurationList = C0B845982B3F4A8A0037BEC2 /* Build configuration list for PBXNativeTarget "swoleMateUITests" */;
			buildPhases = (
				C0B845842B3F4A8A0037BEC2 /* Sources */,
				C0B845852B3F4A8A0037BEC2 /* Frameworks */,
				C0B845862B3F4A8A0037BEC2 /* Resources */,
			);
			buildRules = (
			);
			dependencies = (
				C0B8458A2B3F4A8A0037BEC2 /* PBXTargetDependency */,
			);
			name = swoleMateUITests;
			productName = swoleMateUITests;
			productReference = C0B845882B3F4A8A0037BEC2 /* swoleMateUITests.xctest */;
			productType = "com.apple.product-type.bundle.ui-testing";
		};
/* End PBXNativeTarget section */

/* Begin PBXProject section */
		C0B845662B3F4A880037BEC2 /* Project object */ = {
			isa = PBXProject;
			attributes = {
				BuildIndependentTargetsInParallel = 1;
				LastSwiftUpdateCheck = 1510;
				LastUpgradeCheck = 1510;
				TargetAttributes = {
					C0B8456D2B3F4A880037BEC2 = {
						CreatedOnToolsVersion = 15.1;
					};
					C0B8457D2B3F4A8A0037BEC2 = {
						CreatedOnToolsVersion = 15.1;
						TestTargetID = C0B8456D2B3F4A880037BEC2;
					};
					C0B845872B3F4A8A0037BEC2 = {
						CreatedOnToolsVersion = 15.1;
						TestTargetID = C0B8456D2B3F4A880037BEC2;
					};
				};
			};
			buildConfigurationList = C0B845692B3F4A880037BEC2 /* Build configuration list for PBXProject "swoleMate" */;
			compatibilityVersion = "Xcode 14.0";
			developmentRegion = en;
			hasScannedForEncodings = 0;
			knownRegions = (
				en,
				Base,
			);
			mainGroup = C0B845652B3F4A880037BEC2;
			productRefGroup = C0B8456F2B3F4A880037BEC2 /* Products */;
			projectDirPath = "";
			projectRoot = "";
			targets = (
				C0B8456D2B3F4A880037BEC2 /* swoleMate */,
				C0B8457D2B3F4A8A0037BEC2 /* swoleMateTests */,
				C0B845872B3F4A8A0037BEC2 /* swoleMateUITests */,
			);
		};
/* End PBXProject section */

/* Begin PBXResourcesBuildPhase section */
		C0B8456C2B3F4A880037BEC2 /* Resources */ = {
			isa = PBXResourcesBuildPhase;
			buildActionMask = 2147483647;
			files = (
				C0B845792B3F4A8A0037BEC2 /* Preview Assets.xcassets in Resources */,
				C0B845762B3F4A8A0037BEC2 /* Assets.xcassets in Resources */,
			);
			runOnlyForDeploymentPostprocessing = 0;
		};
		C0B8457C2B3F4A8A0037BEC2 /* Resources */ = {
			isa = PBXResourcesBuildPhase;
			buildActionMask = 2147483647;
			files = (
			);
			runOnlyForDeploymentPostprocessing = 0;
		};
		C0B845862B3F4A8A0037BEC2 /* Resources */ = {
			isa = PBXResourcesBuildPhase;
			buildActionMask = 2147483647;
			files = (
			);
			runOnlyForDeploymentPostprocessing = 0;
		};
/* End PBXResourcesBuildPhase section */

/* Begin PBXSourcesBuildPhase section */
		C0B8456A2B3F4A880037BEC2 /* Sources */ = {
			isa = PBXSourcesBuildPhase;
			buildActionMask = 2147483647;
			files = (
				C0B845A52B3F4EB50037BEC2 /* ExerciseVM.swift in Sources */,
				C0B845AD2B3F7ACF0037BEC2 /* ExerciseDetail.swift in Sources */,
				C0B845A32B3F4DE40037BEC2 /* AddExercise.swift in Sources */,
				C0B845AB2B3F6D7D0037BEC2 /* AddRecord.swift in Sources */,
				C0B845AF2B3F7B640037BEC2 /* ExerciseListRow.swift in Sources */,
				C0B845742B3F4A880037BEC2 /* ContentView.swift in Sources */,
				C0B845A92B3F6A450037BEC2 /* RecordVM.swift in Sources */,
				C0B845A12B3F4CBE0037BEC2 /* ExerciseList.swift in Sources */,
				C0B845A72B3F69730037BEC2 /* Record.swift in Sources */,
				C0B845722B3F4A880037BEC2 /* swoleMateApp.swift in Sources */,
				C0B8459F2B3F4BF80037BEC2 /* Exercise.swift in Sources */,
			);
			runOnlyForDeploymentPostprocessing = 0;
		};
		C0B8457A2B3F4A8A0037BEC2 /* Sources */ = {
			isa = PBXSourcesBuildPhase;
			buildActionMask = 2147483647;
			files = (
				C0B845832B3F4A8A0037BEC2 /* swoleMateTests.swift in Sources */,
			);
			runOnlyForDeploymentPostprocessing = 0;
		};
		C0B845842B3F4A8A0037BEC2 /* Sources */ = {
			isa = PBXSourcesBuildPhase;
			buildActionMask = 2147483647;
			files = (
				C0B8458F2B3F4A8A0037BEC2 /* swoleMateUITestsLaunchTests.swift in Sources */,
				C0B8458D2B3F4A8A0037BEC2 /* swoleMateUITests.swift in Sources */,
			);
			runOnlyForDeploymentPostprocessing = 0;
		};
/* End PBXSourcesBuildPhase section */

/* Begin PBXTargetDependency section */
		C0B845802B3F4A8A0037BEC2 /* PBXTargetDependency */ = {
			isa = PBXTargetDependency;
			target = C0B8456D2B3F4A880037BEC2 /* swoleMate */;
			targetProxy = C0B8457F2B3F4A8A0037BEC2 /* PBXContainerItemProxy */;
		};
		C0B8458A2B3F4A8A0037BEC2 /* PBXTargetDependency */ = {
			isa = PBXTargetDependency;
			target = C0B8456D2B3F4A880037BEC2 /* swoleMate */;
			targetProxy = C0B845892B3F4A8A0037BEC2 /* PBXContainerItemProxy */;
		};
/* End PBXTargetDependency section */

/* Begin XCBuildConfiguration section */
		C0B845902B3F4A8A0037BEC2 /* Debug */ = {
			isa = XCBuildConfiguration;
			buildSettings = {
				ALWAYS_SEARCH_USER_PATHS = NO;
				ASSETCATALOG_COMPILER_GENERATE_SWIFT_ASSET_SYMBOL_EXTENSIONS = YES;
				CLANG_ANALYZER_NONNULL = YES;
				CLANG_ANALYZER_NUMBER_OBJECT_CONVERSION = YES_AGGRESSIVE;
				CLANG_CXX_LANGUAGE_STANDARD = "gnu++20";
				CLANG_ENABLE_MODULES = YES;
				CLANG_ENABLE_OBJC_ARC = YES;
				CLANG_ENABLE_OBJC_WEAK = YES;
				CLANG_WARN_BLOCK_CAPTURE_AUTORELEASING = YES;
				CLANG_WARN_BOOL_CONVERSION = YES;
				CLANG_WARN_COMMA = YES;
				CLANG_WARN_CONSTANT_CONVERSION = YES;
				CLANG_WARN_DEPRECATED_OBJC_IMPLEMENTATIONS = YES;
				CLANG_WARN_DIRECT_OBJC_ISA_USAGE = YES_ERROR;
				CLANG_WARN_DOCUMENTATION_COMMENTS = YES;
				CLANG_WARN_EMPTY_BODY = YES;
				CLANG_WARN_ENUM_CONVERSION = YES;
				CLANG_WARN_INFINITE_RECURSION = YES;
				CLANG_WARN_INT_CONVERSION = YES;
				CLANG_WARN_NON_LITERAL_NULL_CONVERSION = YES;
				CLANG_WARN_OBJC_IMPLICIT_RETAIN_SELF = YES;
				CLANG_WARN_OBJC_LITERAL_CONVERSION = YES;
				CLANG_WARN_OBJC_ROOT_CLASS = YES_ERROR;
				CLANG_WARN_QUOTED_INCLUDE_IN_FRAMEWORK_HEADER = YES;
				CLANG_WARN_RANGE_LOOP_ANALYSIS = YES;
				CLANG_WARN_STRICT_PROTOTYPES = YES;
				CLANG_WARN_SUSPICIOUS_MOVE = YES;
				CLANG_WARN_UNGUARDED_AVAILABILITY = YES_AGGRESSIVE;
				CLANG_WARN_UNREACHABLE_CODE = YES;
				CLANG_WARN__DUPLICATE_METHOD_MATCH = YES;
				COPY_PHASE_STRIP = NO;
				DEBUG_INFORMATION_FORMAT = dwarf;
				ENABLE_STRICT_OBJC_MSGSEND = YES;
				ENABLE_TESTABILITY = YES;
				ENABLE_USER_SCRIPT_SANDBOXING = YES;
				GCC_C_LANGUAGE_STANDARD = gnu17;
				GCC_DYNAMIC_NO_PIC = NO;
				GCC_NO_COMMON_BLOCKS = YES;
				GCC_OPTIMIZATION_LEVEL = 0;
				GCC_PREPROCESSOR_DEFINITIONS = (
					"DEBUG=1",
					"$(inherited)",
				);
				GCC_WARN_64_TO_32_BIT_CONVERSION = YES;
				GCC_WARN_ABOUT_RETURN_TYPE = YES_ERROR;
				GCC_WARN_UNDECLARED_SELECTOR = YES;
				GCC_WARN_UNINITIALIZED_AUTOS = YES_AGGRESSIVE;
				GCC_WARN_UNUSED_FUNCTION = YES;
				GCC_WARN_UNUSED_VARIABLE = YES;
				IPHONEOS_DEPLOYMENT_TARGET = 17.2;
				LOCALIZATION_PREFERS_STRING_CATALOGS = YES;
				MTL_ENABLE_DEBUG_INFO = INCLUDE_SOURCE;
				MTL_FAST_MATH = YES;
				ONLY_ACTIVE_ARCH = YES;
				SDKROOT = iphoneos;
				SWIFT_ACTIVE_COMPILATION_CONDITIONS = "DEBUG $(inherited)";
				SWIFT_OPTIMIZATION_LEVEL = "-Onone";
			};
			name = Debug;
		};
		C0B845912B3F4A8A0037BEC2 /* Release */ = {
			isa = XCBuildConfiguration;
			buildSettings = {
				ALWAYS_SEARCH_USER_PATHS = NO;
				ASSETCATALOG_COMPILER_GENERATE_SWIFT_ASSET_SYMBOL_EXTENSIONS = YES;
				CLANG_ANALYZER_NONNULL = YES;
				CLANG_ANALYZER_NUMBER_OBJECT_CONVERSION = YES_AGGRESSIVE;
				CLANG_CXX_LANGUAGE_STANDARD = "gnu++20";
				CLANG_ENABLE_MODULES = YES;
				CLANG_ENABLE_OBJC_ARC = YES;
				CLANG_ENABLE_OBJC_WEAK = YES;
				CLANG_WARN_BLOCK_CAPTURE_AUTORELEASING = YES;
				CLANG_WARN_BOOL_CONVERSION = YES;
				CLANG_WARN_COMMA = YES;
				CLANG_WARN_CONSTANT_CONVERSION = YES;
				CLANG_WARN_DEPRECATED_OBJC_IMPLEMENTATIONS = YES;
				CLANG_WARN_DIRECT_OBJC_ISA_USAGE = YES_ERROR;
				CLANG_WARN_DOCUMENTATION_COMMENTS = YES;
				CLANG_WARN_EMPTY_BODY = YES;
				CLANG_WARN_ENUM_CONVERSION = YES;
				CLANG_WARN_INFINITE_RECURSION = YES;
				CLANG_WARN_INT_CONVERSION = YES;
				CLANG_WARN_NON_LITERAL_NULL_CONVERSION = YES;
				CLANG_WARN_OBJC_IMPLICIT_RETAIN_SELF = YES;
				CLANG_WARN_OBJC_LITERAL_CONVERSION = YES;
				CLANG_WARN_OBJC_ROOT_CLASS = YES_ERROR;
				CLANG_WARN_QUOTED_INCLUDE_IN_FRAMEWORK_HEADER = YES;
				CLANG_WARN_RANGE_LOOP_ANALYSIS = YES;
				CLANG_WARN_STRICT_PROTOTYPES = YES;
				CLANG_WARN_SUSPICIOUS_MOVE = YES;
				CLANG_WARN_UNGUARDED_AVAILABILITY = YES_AGGRESSIVE;
				CLANG_WARN_UNREACHABLE_CODE = YES;
				CLANG_WARN__DUPLICATE_METHOD_MATCH = YES;
				COPY_PHASE_STRIP = NO;
				DEBUG_INFORMATION_FORMAT = "dwarf-with-dsym";
				ENABLE_NS_ASSERTIONS = NO;
				ENABLE_STRICT_OBJC_MSGSEND = YES;
				ENABLE_USER_SCRIPT_SANDBOXING = YES;
				GCC_C_LANGUAGE_STANDARD = gnu17;
				GCC_NO_COMMON_BLOCKS = YES;
				GCC_WARN_64_TO_32_BIT_CONVERSION = YES;
				GCC_WARN_ABOUT_RETURN_TYPE = YES_ERROR;
				GCC_WARN_UNDECLARED_SELECTOR = YES;
				GCC_WARN_UNINITIALIZED_AUTOS = YES_AGGRESSIVE;
				GCC_WARN_UNUSED_FUNCTION = YES;
				GCC_WARN_UNUSED_VARIABLE = YES;
				IPHONEOS_DEPLOYMENT_TARGET = 17.2;
				LOCALIZATION_PREFERS_STRING_CATALOGS = YES;
				MTL_ENABLE_DEBUG_INFO = NO;
				MTL_FAST_MATH = YES;
				SDKROOT = iphoneos;
				SWIFT_COMPILATION_MODE = wholemodule;
				VALIDATE_PRODUCT = YES;
			};
			name = Release;
		};
		C0B845932B3F4A8A0037BEC2 /* Debug */ = {
			isa = XCBuildConfiguration;
			buildSettings = {
				ASSETCATALOG_COMPILER_APPICON_NAME = AppIcon;
				ASSETCATALOG_COMPILER_GLOBAL_ACCENT_COLOR_NAME = AccentColor;
				CODE_SIGN_STYLE = Automatic;
				CURRENT_PROJECT_VERSION = 1;
				DEVELOPMENT_ASSET_PATHS = "\"swoleMate/Preview Content\"";
				DEVELOPMENT_TEAM = V2ZT8SS934;
				ENABLE_PREVIEWS = YES;
				GENERATE_INFOPLIST_FILE = YES;
				INFOPLIST_KEY_UIApplicationSceneManifest_Generation = YES;
				INFOPLIST_KEY_UIApplicationSupportsIndirectInputEvents = YES;
				INFOPLIST_KEY_UILaunchScreen_Generation = YES;
				INFOPLIST_KEY_UISupportedInterfaceOrientations_iPad = "UIInterfaceOrientationPortrait UIInterfaceOrientationPortraitUpsideDown UIInterfaceOrientationLandscapeLeft UIInterfaceOrientationLandscapeRight";
				INFOPLIST_KEY_UISupportedInterfaceOrientations_iPhone = "UIInterfaceOrientationPortrait UIInterfaceOrientationLandscapeLeft UIInterfaceOrientationLandscapeRight";
				LD_RUNPATH_SEARCH_PATHS = (
					"$(inherited)",
					"@executable_path/Frameworks",
				);
				MARKETING_VERSION = 1.0;
				PRODUCT_BUNDLE_IDENTIFIER = PonchovillaProductions.swoleMate;
				PRODUCT_NAME = "$(TARGET_NAME)";
				SWIFT_EMIT_LOC_STRINGS = YES;
				SWIFT_VERSION = 5.0;
				TARGETED_DEVICE_FAMILY = "1,2";
			};
			name = Debug;
		};
		C0B845942B3F4A8A0037BEC2 /* Release */ = {
			isa = XCBuildConfiguration;
			buildSettings = {
				ASSETCATALOG_COMPILER_APPICON_NAME = AppIcon;
				ASSETCATALOG_COMPILER_GLOBAL_ACCENT_COLOR_NAME = AccentColor;
				CODE_SIGN_STYLE = Automatic;
				CURRENT_PROJECT_VERSION = 1;
				DEVELOPMENT_ASSET_PATHS = "\"swoleMate/Preview Content\"";
				DEVELOPMENT_TEAM = V2ZT8SS934;
				ENABLE_PREVIEWS = YES;
				GENERATE_INFOPLIST_FILE = YES;
				INFOPLIST_KEY_UIApplicationSceneManifest_Generation = YES;
				INFOPLIST_KEY_UIApplicationSupportsIndirectInputEvents = YES;
				INFOPLIST_KEY_UILaunchScreen_Generation = YES;
				INFOPLIST_KEY_UISupportedInterfaceOrientations_iPad = "UIInterfaceOrientationPortrait UIInterfaceOrientationPortraitUpsideDown UIInterfaceOrientationLandscapeLeft UIInterfaceOrientationLandscapeRight";
				INFOPLIST_KEY_UISupportedInterfaceOrientations_iPhone = "UIInterfaceOrientationPortrait UIInterfaceOrientationLandscapeLeft UIInterfaceOrientationLandscapeRight";
				LD_RUNPATH_SEARCH_PATHS = (
					"$(inherited)",
					"@executable_path/Frameworks",
				);
				MARKETING_VERSION = 1.0;
				PRODUCT_BUNDLE_IDENTIFIER = PonchovillaProductions.swoleMate;
				PRODUCT_NAME = "$(TARGET_NAME)";
				SWIFT_EMIT_LOC_STRINGS = YES;
				SWIFT_VERSION = 5.0;
				TARGETED_DEVICE_FAMILY = "1,2";
			};
			name = Release;
		};
		C0B845962B3F4A8A0037BEC2 /* Debug */ = {
			isa = XCBuildConfiguration;
			buildSettings = {
				ALWAYS_EMBED_SWIFT_STANDARD_LIBRARIES = YES;
				BUNDLE_LOADER = "$(TEST_HOST)";
				CODE_SIGN_STYLE = Automatic;
				CURRENT_PROJECT_VERSION = 1;
				DEVELOPMENT_TEAM = V2ZT8SS934;
				GENERATE_INFOPLIST_FILE = YES;
				IPHONEOS_DEPLOYMENT_TARGET = 17.2;
				MARKETING_VERSION = 1.0;
				PRODUCT_BUNDLE_IDENTIFIER = PonchovillaProductions.swoleMateTests;
				PRODUCT_NAME = "$(TARGET_NAME)";
				SWIFT_EMIT_LOC_STRINGS = NO;
				SWIFT_VERSION = 5.0;
				TARGETED_DEVICE_FAMILY = "1,2";
				TEST_HOST = "$(BUILT_PRODUCTS_DIR)/swoleMate.app/$(BUNDLE_EXECUTABLE_FOLDER_PATH)/swoleMate";
			};
			name = Debug;
		};
		C0B845972B3F4A8A0037BEC2 /* Release */ = {
			isa = XCBuildConfiguration;
			buildSettings = {
				ALWAYS_EMBED_SWIFT_STANDARD_LIBRARIES = YES;
				BUNDLE_LOADER = "$(TEST_HOST)";
				CODE_SIGN_STYLE = Automatic;
				CURRENT_PROJECT_VERSION = 1;
				DEVELOPMENT_TEAM = V2ZT8SS934;
				GENERATE_INFOPLIST_FILE = YES;
				IPHONEOS_DEPLOYMENT_TARGET = 17.2;
				MARKETING_VERSION = 1.0;
				PRODUCT_BUNDLE_IDENTIFIER = PonchovillaProductions.swoleMateTests;
				PRODUCT_NAME = "$(TARGET_NAME)";
				SWIFT_EMIT_LOC_STRINGS = NO;
				SWIFT_VERSION = 5.0;
				TARGETED_DEVICE_FAMILY = "1,2";
				TEST_HOST = "$(BUILT_PRODUCTS_DIR)/swoleMate.app/$(BUNDLE_EXECUTABLE_FOLDER_PATH)/swoleMate";
			};
			name = Release;
		};
		C0B845992B3F4A8A0037BEC2 /* Debug */ = {
			isa = XCBuildConfiguration;
			buildSettings = {
				ALWAYS_EMBED_SWIFT_STANDARD_LIBRARIES = YES;
				CODE_SIGN_STYLE = Automatic;
				CURRENT_PROJECT_VERSION = 1;
				DEVELOPMENT_TEAM = V2ZT8SS934;
				GENERATE_INFOPLIST_FILE = YES;
				MARKETING_VERSION = 1.0;
				PRODUCT_BUNDLE_IDENTIFIER = PonchovillaProductions.swoleMateUITests;
				PRODUCT_NAME = "$(TARGET_NAME)";
				SWIFT_EMIT_LOC_STRINGS = NO;
				SWIFT_VERSION = 5.0;
				TARGETED_DEVICE_FAMILY = "1,2";
				TEST_TARGET_NAME = swoleMate;
			};
			name = Debug;
		};
		C0B8459A2B3F4A8A0037BEC2 /* Release */ = {
			isa = XCBuildConfiguration;
			buildSettings = {
				ALWAYS_EMBED_SWIFT_STANDARD_LIBRARIES = YES;
				CODE_SIGN_STYLE = Automatic;
				CURRENT_PROJECT_VERSION = 1;
				DEVELOPMENT_TEAM = V2ZT8SS934;
				GENERATE_INFOPLIST_FILE = YES;
				MARKETING_VERSION = 1.0;
				PRODUCT_BUNDLE_IDENTIFIER = PonchovillaProductions.swoleMateUITests;
				PRODUCT_NAME = "$(TARGET_NAME)";
				SWIFT_EMIT_LOC_STRINGS = NO;
				SWIFT_VERSION = 5.0;
				TARGETED_DEVICE_FAMILY = "1,2";
				TEST_TARGET_NAME = swoleMate;
			};
			name = Release;
		};
/* End XCBuildConfiguration section */

/* Begin XCConfigurationList section */
		C0B845692B3F4A880037BEC2 /* Build configuration list for PBXProject "swoleMate" */ = {
			isa = XCConfigurationList;
			buildConfigurations = (
				C0B845902B3F4A8A0037BEC2 /* Debug */,
				C0B845912B3F4A8A0037BEC2 /* Release */,
			);
			defaultConfigurationIsVisible = 0;
			defaultConfigurationName = Release;
		};
		C0B845922B3F4A8A0037BEC2 /* Build configuration list for PBXNativeTarget "swoleMate" */ = {
			isa = XCConfigurationList;
			buildConfigurations = (
				C0B845932B3F4A8A0037BEC2 /* Debug */,
				C0B845942B3F4A8A0037BEC2 /* Release */,
			);
			defaultConfigurationIsVisible = 0;
			defaultConfigurationName = Release;
		};
		C0B845952B3F4A8A0037BEC2 /* Build configuration list for PBXNativeTarget "swoleMateTests" */ = {
			isa = XCConfigurationList;
			buildConfigurations = (
				C0B845962B3F4A8A0037BEC2 /* Debug */,
				C0B845972B3F4A8A0037BEC2 /* Release */,
			);
			defaultConfigurationIsVisible = 0;
			defaultConfigurationName = Release;
		};
		C0B845982B3F4A8A0037BEC2 /* Build configuration list for PBXNativeTarget "swoleMateUITests" */ = {
			isa = XCConfigurationList;
			buildConfigurations = (
				C0B845992B3F4A8A0037BEC2 /* Debug */,
				C0B8459A2B3F4A8A0037BEC2 /* Release */,
			);
			defaultConfigurationIsVisible = 0;
			defaultConfigurationName = Release;
		};
/* End XCConfigurationList section */
	};
	rootObject = C0B845662B3F4A880037BEC2 /* Project object */;
}
